
Microsoft Visual Studio Solution File, Format Version 12.00
# Visual Studio 15
VisualStudioVersion = 15.0.28307.852
MinimumVisualStudioVersion = 10.0.40219.1
Project("{FAE04EC0-301F-11D3-BF4B-00C04F79EFBC}") = "MessageBoardBackend", "MessageBoardBackend\MessageBoardBackend.csproj", "{CD4A4CB6-9323-4B8E-A5B5-BCA6C029690F}"
EndProject
Global
	GlobalSection(SolutionConfigurationPlatforms) = preSolution
		Debug|Any CPU = Debug|Any CPU
		Release|Any CPU = Release|Any CPU
	EndGlobalSection
	GlobalSection(ProjectConfigurationPlatforms) = postSolution
		{CD4A4CB6-9323-4B8E-A5B5-BCA6C029690F}.Debug|Any CPU.ActiveCfg = Debug|Any CPU
		{CD4A4CB6-9323-4B8E-A5B5-BCA6C029690F}.Debug|Any CPU.Build.0 = Debug|Any CPU
		{CD4A4CB6-9323-4B8E-A5B5-BCA6C029690F}.Release|Any CPU.ActiveCfg = Release|Any CPU
		{CD4A4CB6-9323-4B8E-A5B5-BCA6C029690F}.Release|Any CPU.Build.0 = Release|Any CPU
	EndGlobalSection
	GlobalSection(SolutionProperties) = preSolution
		HideSolutionNode = FALSE
	EndGlobalSection
	GlobalSection(ExtensibilityGlobals) = postSolution
		SolutionGuid = {A033A3BA-7033-4AB5-A112-23F60DC0B7E7}
	EndGlobalSection
EndGlobal
